
Microsoft Visual Studio Solution File, Format Version 12.00
# Visual Studio Version 17
VisualStudioVersion = 17.4.33403.182
MinimumVisualStudioVersion = 10.0.40219.1
Project("{FAE04EC0-301F-11D3-BF4B-00C04F79EFBC}") = "Arma3Queue", "Arma3Queue\Arma3Queue.csproj", "{41DCEE73-143E-4FED-9376-1D410A48D7FC}"
EndProject
Global
	GlobalSection(SolutionConfigurationPlatforms) = preSolution
		Debug|Any CPU = Debug|Any CPU
		Release|Any CPU = Release|Any CPU
	EndGlobalSection
	GlobalSection(ProjectConfigurationPlatforms) = postSolution
		{41DCEE73-143E-4FED-9376-1D410A48D7FC}.Debug|Any CPU.ActiveCfg = Debug|Any CPU
		{41DCEE73-143E-4FED-9376-1D410A48D7FC}.Debug|Any CPU.Build.0 = Debug|Any CPU
		{41DCEE73-143E-4FED-9376-1D410A48D7FC}.Release|Any CPU.ActiveCfg = Release|Any CPU
		{41DCEE73-143E-4FED-9376-1D410A48D7FC}.Release|Any CPU.Build.0 = Release|Any CPU
	EndGlobalSection
	GlobalSection(SolutionProperties) = preSolution
		HideSolutionNode = FALSE
	EndGlobalSection
	GlobalSection(ExtensibilityGlobals) = postSolution
		SolutionGuid = {113C76BE-E212-413F-B3DD-52BC0EA029F8}
	EndGlobalSection
EndGlobal
